-----BEGIN PGP MESSAGE-----

hQIMA55trxtGQMuoAQ//dlWEYq5Sf3DxqPAyamWrI9O8GQ5jD1GJd8VpN95kXY0D
ZsIgYjA7K1M41+uzrugx/urTGNzVgUrpU4R4L0ShLYYuLNK5zos3mtCCJo8tPtro
+7A/8GE7NiwGPdBaJ2KJhw6o0j8Iq3QrnzjiWIcAzfJQF+HnllHKsSqclQAmtntr
3oATwz5HwAMJ6+hO6IOZXvECd7VuLagNzDyfZ2AChcQRdVNVKZsOWq5uCib04YNU
FX1EbdoX7BpDWS25W5P3mHfcBecF6n6zUGEk4kvFsU5O/1pWC5nkjMPJBHb7lpMr
vJmOuxVS3Hiu89ZHEzT01+4PtjJDWCCz3pDGVTrJnNEeQJqt1so5ALH/qrfAIRtI
x6mv7DaEEGvNzWImpae+RVSeIphI0M4UIyRHc27825eA0nfTOc2trwfZ05Xaia3j
w9jTa0q4ZgqSH660eQMsNYSMCwjpIiSCgHfxOkEn6bMoSEdqd1l/qyBDImi2wqDt
6kPURY6CDzxO8i71A1nq1jYAYhrADbN/V6Z5sMn7Il726ZO5kNnFinoScN64R3HV
bUxGv0h4zEjmKLbtAflKCtIrLsSbPeUBOqQH/PHoPItAOrKSb5SzKPgn3JAEWJtb
Apjso1s3L2e+wj+ZckFmAr+eZ4AGCUIVu9mesyD6WMeb3YXhkZ/6WxshmH9PiS3S
wNIBO0gUO4Dmsnuq5MgLYVbTzLv1F+EtNicsiGcCzkABVcufqP7+jJ5fMeo/08Fk
t10eK31EIFeN9BFQIDPqNhup4uETEQQXDQmMDsh5vBMDx4urRhmH0GnSvOQ1npmw
csP84krfNM1CW3vf/SH/f/y4b2lbHywarbNOKrjutE3w1fg7LVrqMWxsGe8qDx4Y
l3CHraa4jegd0MruCKC0F4Hak+meyhFvCA+gcQ2t/0gmtfZmBFv0JoFJ1TgqPPan
RQxahxw7AkrRWBoOga3shKfuqsK0GnTSDNsyyWLoYtisJvktmR+ThzUzjJn69DW8
JWU3DB9Puq6eE5le2SchiLzDZlszCrWjRy4yW6IgVDw+RaCvKm9Crr6ifBiJ+b6M
9A4fnfZhHPy428EtCScU7kKnsWC3Xb8YzLdXJ4xiKYEwT4mRGf2bFgx7YGqvfwSu
9UIEffKpx4DbEPff4QS42B+LsUmZPFwPVRPaDIOxHlHOpxjh+v5TDPf+kIolqUDR
QdHPlIagaJjpEaCvA0wXgrY+T8s=
=O5Sr
-----END PGP MESSAGE-----
